
Microsoft Visual Studio Solution File, Format Version 12.00
# Visual Studio Version 17
VisualStudioVersion = 17.0.31903.59
MinimumVisualStudioVersion = 10.0.40219.1
Project("{2150E333-8FDC-42A3-9474-1A3956D46DE8}") = "src", "src", "{64B810B5-A9D5-45BC-A641-AF0CE891F8F7}"
EndProject
Project("{2150E333-8FDC-42A3-9474-1A3956D46DE8}") = "tests", "tests", "{83D0B14B-E6E5-442A-9FCE-63AAC6176C47}"
EndProject
Project("{FAE04EC0-301F-11D3-BF4B-00C04F79EFBC}") = "Application", "src\Application\Application.csproj", "{5BDAB160-5258-45DA-1CDF-4BFCF367E785}"
EndProject
Project("{FAE04EC0-301F-11D3-BF4B-00C04F79EFBC}") = "Infrastructure", "src\Infrastructure\Infrastructure.csproj", "{3D745DFE-AF9A-E111-755D-FD3FFF280728}"
EndProject
Project("{FAE04EC0-301F-11D3-BF4B-00C04F79EFBC}") = "Domain", "src\Domain\Domain.csproj", "{87EDA1D2-4B5B-E524-38CE-D0BFCA5F4D6B}"
EndProject
Project("{FAE04EC0-301F-11D3-BF4B-00C04F79EFBC}") = "Shared", "src\Shared\Shared.csproj", "{99507BA0-BB0B-3FD9-D8E2-2AE9B409CB73}"
EndProject
Project("{FAE04EC0-301F-11D3-BF4B-00C04F79EFBC}") = "Contracts", "src\Contracts\Contracts.csproj", "{07BC6F43-C15F-E0F2-5973-6F32D66D1A14}"
EndProject
Project("{FAE04EC0-301F-11D3-BF4B-00C04F79EFBC}") = "Api", "src\Api\Api.csproj", "{CBAFC0F9-5B69-AE5B-776E-B650E010DF04}"
EndProject
Project("{FAE04EC0-301F-11D3-BF4B-00C04F79EFBC}") = "EventBus", "src\EventBus\EventBus.csproj", "{260B8A6C-8088-DD10-DF70-7A0F3CBBDE6D}"
EndProject
Project("{FAE04EC0-301F-11D3-BF4B-00C04F79EFBC}") = "EventBus.InMemory", "src\EventBus.InMemory\EventBus.InMemory.csproj", "{4C6023C3-3220-3E6B-664A-EAD329F47DB5}"
EndProject
Project("{FAE04EC0-301F-11D3-BF4B-00C04F79EFBC}") = "Outbox", "src\Outbox\Outbox.csproj", "{29D75B4B-06BC-E888-330B-195E6882165A}"
EndProject
Project("{FAE04EC0-301F-11D3-BF4B-00C04F79EFBC}") = "Outbox.EF", "src\Outbox.EF\Outbox.EF.csproj", "{E44CC42E-71BB-1078-B85D-634AED4BC704}"
EndProject
Project("{FAE04EC0-301F-11D3-BF4B-00C04F79EFBC}") = "AppHost", "src\AppHost\AppHost.csproj", "{BB9C41FD-1395-49AC-C085-55B269795333}"
EndProject
Project("{FAE04EC0-301F-11D3-BF4B-00C04F79EFBC}") = "ServiceDefaults", "src\ServiceDefaults\ServiceDefaults.csproj", "{E3C0E21B-371B-ACD5-5FF0-77C353D89E20}"
EndProject
Project("{FAE04EC0-301F-11D3-BF4B-00C04F79EFBC}") = "UnitTests", "tests\UnitTests\UnitTests.csproj", "{9D1DD2CD-7B04-4472-4377-027563F356CA}"
EndProject
Project("{FAE04EC0-301F-11D3-BF4B-00C04F79EFBC}") = "IntegrationTests", "tests\IntegrationTests\IntegrationTests.csproj", "{FF77485D-96D1-B1AA-B58F-3986BE3ADB27}"
EndProject
Global
	GlobalSection(SolutionConfigurationPlatforms) = preSolution
		Debug|Any CPU = Debug|Any CPU
		Release|Any CPU = Release|Any CPU
	EndGlobalSection
	GlobalSection(ProjectConfigurationPlatforms) = postSolution
		{5BDAB160-5258-45DA-1CDF-4BFCF367E785}.Debug|Any CPU.ActiveCfg = Debug|Any CPU
		{5BDAB160-5258-45DA-1CDF-4BFCF367E785}.Debug|Any CPU.Build.0 = Debug|Any CPU
		{5BDAB160-5258-45DA-1CDF-4BFCF367E785}.Release|Any CPU.ActiveCfg = Release|Any CPU
		{5BDAB160-5258-45DA-1CDF-4BFCF367E785}.Release|Any CPU.Build.0 = Release|Any CPU
		{3D745DFE-AF9A-E111-755D-FD3FFF280728}.Debug|Any CPU.ActiveCfg = Debug|Any CPU
		{3D745DFE-AF9A-E111-755D-FD3FFF280728}.Debug|Any CPU.Build.0 = Debug|Any CPU
		{3D745DFE-AF9A-E111-755D-FD3FFF280728}.Release|Any CPU.ActiveCfg = Release|Any CPU
		{3D745DFE-AF9A-E111-755D-FD3FFF280728}.Release|Any CPU.Build.0 = Release|Any CPU
		{87EDA1D2-4B5B-E524-38CE-D0BFCA5F4D6B}.Debug|Any CPU.ActiveCfg = Debug|Any CPU
		{87EDA1D2-4B5B-E524-38CE-D0BFCA5F4D6B}.Debug|Any CPU.Build.0 = Debug|Any CPU
		{87EDA1D2-4B5B-E524-38CE-D0BFCA5F4D6B}.Release|Any CPU.ActiveCfg = Release|Any CPU
		{87EDA1D2-4B5B-E524-38CE-D0BFCA5F4D6B}.Release|Any CPU.Build.0 = Release|Any CPU
		{99507BA0-BB0B-3FD9-D8E2-2AE9B409CB73}.Debug|Any CPU.ActiveCfg = Debug|Any CPU
		{99507BA0-BB0B-3FD9-D8E2-2AE9B409CB73}.Debug|Any CPU.Build.0 = Debug|Any CPU
		{99507BA0-BB0B-3FD9-D8E2-2AE9B409CB73}.Release|Any CPU.ActiveCfg = Release|Any CPU
		{99507BA0-BB0B-3FD9-D8E2-2AE9B409CB73}.Release|Any CPU.Build.0 = Release|Any CPU
		{07BC6F43-C15F-E0F2-5973-6F32D66D1A14}.Debug|Any CPU.ActiveCfg = Debug|Any CPU
		{07BC6F43-C15F-E0F2-5973-6F32D66D1A14}.Debug|Any CPU.Build.0 = Debug|Any CPU
		{07BC6F43-C15F-E0F2-5973-6F32D66D1A14}.Release|Any CPU.ActiveCfg = Release|Any CPU
		{07BC6F43-C15F-E0F2-5973-6F32D66D1A14}.Release|Any CPU.Build.0 = Release|Any CPU
		{CBAFC0F9-5B69-AE5B-776E-B650E010DF04}.Debug|Any CPU.ActiveCfg = Debug|Any CPU
		{CBAFC0F9-5B69-AE5B-776E-B650E010DF04}.Debug|Any CPU.Build.0 = Debug|Any CPU
		{CBAFC0F9-5B69-AE5B-776E-B650E010DF04}.Release|Any CPU.ActiveCfg = Release|Any CPU
		{CBAFC0F9-5B69-AE5B-776E-B650E010DF04}.Release|Any CPU.Build.0 = Release|Any CPU
		{260B8A6C-8088-DD10-DF70-7A0F3CBBDE6D}.Debug|Any CPU.ActiveCfg = Debug|Any CPU
		{260B8A6C-8088-DD10-DF70-7A0F3CBBDE6D}.Debug|Any CPU.Build.0 = Debug|Any CPU
		{260B8A6C-8088-DD10-DF70-7A0F3CBBDE6D}.Release|Any CPU.ActiveCfg = Release|Any CPU
		{260B8A6C-8088-DD10-DF70-7A0F3CBBDE6D}.Release|Any CPU.Build.0 = Release|Any CPU
		{4C6023C3-3220-3E6B-664A-EAD329F47DB5}.Debug|Any CPU.ActiveCfg = Debug|Any CPU
		{4C6023C3-3220-3E6B-664A-EAD329F47DB5}.Debug|Any CPU.Build.0 = Debug|Any CPU
		{4C6023C3-3220-3E6B-664A-EAD329F47DB5}.Release|Any CPU.ActiveCfg = Release|Any CPU
		{4C6023C3-3220-3E6B-664A-EAD329F47DB5}.Release|Any CPU.Build.0 = Release|Any CPU
		{29D75B4B-06BC-E888-330B-195E6882165A}.Debug|Any CPU.ActiveCfg = Debug|Any CPU
		{29D75B4B-06BC-E888-330B-195E6882165A}.Debug|Any CPU.Build.0 = Debug|Any CPU
		{29D75B4B-06BC-E888-330B-195E6882165A}.Release|Any CPU.ActiveCfg = Release|Any CPU
		{29D75B4B-06BC-E888-330B-195E6882165A}.Release|Any CPU.Build.0 = Release|Any CPU
		{E44CC42E-71BB-1078-B85D-634AED4BC704}.Debug|Any CPU.ActiveCfg = Debug|Any CPU
		{E44CC42E-71BB-1078-B85D-634AED4BC704}.Debug|Any CPU.Build.0 = Debug|Any CPU
		{E44CC42E-71BB-1078-B85D-634AED4BC704}.Release|Any CPU.ActiveCfg = Release|Any CPU
		{E44CC42E-71BB-1078-B85D-634AED4BC704}.Release|Any CPU.Build.0 = Release|Any CPU
		{BB9C41FD-1395-49AC-C085-55B269795333}.Debug|Any CPU.ActiveCfg = Debug|Any CPU
		{BB9C41FD-1395-49AC-C085-55B269795333}.Debug|Any CPU.Build.0 = Debug|Any CPU
		{BB9C41FD-1395-49AC-C085-55B269795333}.Release|Any CPU.ActiveCfg = Release|Any CPU
		{BB9C41FD-1395-49AC-C085-55B269795333}.Release|Any CPU.Build.0 = Release|Any CPU
		{E3C0E21B-371B-ACD5-5FF0-77C353D89E20}.Debug|Any CPU.ActiveCfg = Debug|Any CPU
		{E3C0E21B-371B-ACD5-5FF0-77C353D89E20}.Debug|Any CPU.Build.0 = Debug|Any CPU
		{E3C0E21B-371B-ACD5-5FF0-77C353D89E20}.Release|Any CPU.ActiveCfg = Release|Any CPU
		{E3C0E21B-371B-ACD5-5FF0-77C353D89E20}.Release|Any CPU.Build.0 = Release|Any CPU
		{9D1DD2CD-7B04-4472-4377-027563F356CA}.Debug|Any CPU.ActiveCfg = Debug|Any CPU
		{9D1DD2CD-7B04-4472-4377-027563F356CA}.Debug|Any CPU.Build.0 = Debug|Any CPU
		{9D1DD2CD-7B04-4472-4377-027563F356CA}.Release|Any CPU.ActiveCfg = Release|Any CPU
		{9D1DD2CD-7B04-4472-4377-027563F356CA}.Release|Any CPU.Build.0 = Release|Any CPU
		{FF77485D-96D1-B1AA-B58F-3986BE3ADB27}.Debug|Any CPU.ActiveCfg = Debug|Any CPU
		{FF77485D-96D1-B1AA-B58F-3986BE3ADB27}.Debug|Any CPU.Build.0 = Debug|Any CPU
		{FF77485D-96D1-B1AA-B58F-3986BE3ADB27}.Release|Any CPU.ActiveCfg = Release|Any CPU
		{FF77485D-96D1-B1AA-B58F-3986BE3ADB27}.Release|Any CPU.Build.0 = Release|Any CPU
	EndGlobalSection
	GlobalSection(SolutionProperties) = preSolution
		HideSolutionNode = FALSE
	EndGlobalSection
	GlobalSection(NestedProjects) = preSolution
		{5BDAB160-5258-45DA-1CDF-4BFCF367E785} = {64B810B5-A9D5-45BC-A641-AF0CE891F8F7}
		{3D745DFE-AF9A-E111-755D-FD3FFF280728} = {64B810B5-A9D5-45BC-A641-AF0CE891F8F7}
		{87EDA1D2-4B5B-E524-38CE-D0BFCA5F4D6B} = {64B810B5-A9D5-45BC-A641-AF0CE891F8F7}
		{99507BA0-BB0B-3FD9-D8E2-2AE9B409CB73} = {64B810B5-A9D5-45BC-A641-AF0CE891F8F7}
		{07BC6F43-C15F-E0F2-5973-6F32D66D1A14} = {64B810B5-A9D5-45BC-A641-AF0CE891F8F7}
		{CBAFC0F9-5B69-AE5B-776E-B650E010DF04} = {64B810B5-A9D5-45BC-A641-AF0CE891F8F7}
		{260B8A6C-8088-DD10-DF70-7A0F3CBBDE6D} = {64B810B5-A9D5-45BC-A641-AF0CE891F8F7}
		{4C6023C3-3220-3E6B-664A-EAD329F47DB5} = {64B810B5-A9D5-45BC-A641-AF0CE891F8F7}
		{29D75B4B-06BC-E888-330B-195E6882165A} = {64B810B5-A9D5-45BC-A641-AF0CE891F8F7}
		{E44CC42E-71BB-1078-B85D-634AED4BC704} = {64B810B5-A9D5-45BC-A641-AF0CE891F8F7}
		{BB9C41FD-1395-49AC-C085-55B269795333} = {64B810B5-A9D5-45BC-A641-AF0CE891F8F7}
		{E3C0E21B-371B-ACD5-5FF0-77C353D89E20} = {64B810B5-A9D5-45BC-A641-AF0CE891F8F7}
		{9D1DD2CD-7B04-4472-4377-027563F356CA} = {83D0B14B-E6E5-442A-9FCE-63AAC6176C47}
		{FF77485D-96D1-B1AA-B58F-3986BE3ADB27} = {83D0B14B-E6E5-442A-9FCE-63AAC6176C47}
	EndGlobalSection
	GlobalSection(ExtensibilityGlobals) = postSolution
		SolutionGuid = {52DC47D6-46CC-4F3B-883F-D33194913F17}
	EndGlobalSection
EndGlobal
